
Microsoft Visual Studio Solution File, Format Version 12.00
# Visual Studio 14
VisualStudioVersion = 14.0.25420.1
MinimumVisualStudioVersion = 10.0.40219.1
Project("{2150E333-8FDC-42A3-9474-1A3956D46DE8}") = "src", "src", "{706556FF-9C6C-43C9-963E-B2DD2E74749F}"
EndProject
Project("{2150E333-8FDC-42A3-9474-1A3956D46DE8}") = "Solution Items", "Solution Items", "{80892E43-8707-4C7F-812A-00C724FC42C0}"
	ProjectSection(SolutionItems) = preProject
		global.json = global.json
	EndProjectSection
EndProject
Project("{8BB2217D-0F2D-49D1-97BC-3654ED321F3B}") = "MerodeTeamManagment", "src\merodeTeamManagment\MerodeTeamManagment.xproj", "{FC349AAA-60A1-405A-A8BC-20DDBF555BA1}"
EndProject
Project("{8BB2217D-0F2D-49D1-97BC-3654ED321F3B}") = "MerodeTeamManagement.Test", "test\MerodeTeamManagement.Test.xproj", "{0AFF697C-21C7-4923-96CD-07558AC99850}"
EndProject
Global
	GlobalSection(SolutionConfigurationPlatforms) = preSolution
		Debug|Any CPU = Debug|Any CPU
		Release|Any CPU = Release|Any CPU
	EndGlobalSection
	GlobalSection(ProjectConfigurationPlatforms) = postSolution
		{FC349AAA-60A1-405A-A8BC-20DDBF555BA1}.Debug|Any CPU.ActiveCfg = Debug|Any CPU
		{FC349AAA-60A1-405A-A8BC-20DDBF555BA1}.Debug|Any CPU.Build.0 = Debug|Any CPU
		{FC349AAA-60A1-405A-A8BC-20DDBF555BA1}.Release|Any CPU.ActiveCfg = Release|Any CPU
		{FC349AAA-60A1-405A-A8BC-20DDBF555BA1}.Release|Any CPU.Build.0 = Release|Any CPU
		{0AFF697C-21C7-4923-96CD-07558AC99850}.Debug|Any CPU.ActiveCfg = Debug|Any CPU
		{0AFF697C-21C7-4923-96CD-07558AC99850}.Debug|Any CPU.Build.0 = Debug|Any CPU
		{0AFF697C-21C7-4923-96CD-07558AC99850}.Release|Any CPU.ActiveCfg = Release|Any CPU
		{0AFF697C-21C7-4923-96CD-07558AC99850}.Release|Any CPU.Build.0 = Release|Any CPU
	EndGlobalSection
	GlobalSection(SolutionProperties) = preSolution
		HideSolutionNode = FALSE
	EndGlobalSection
	GlobalSection(NestedProjects) = preSolution
		{FC349AAA-60A1-405A-A8BC-20DDBF555BA1} = {706556FF-9C6C-43C9-963E-B2DD2E74749F}
	EndGlobalSection
EndGlobal
